// !$*UTF8*$!
{
	archiveVersion = 1;
	classes = {
	};
	objectVersion = 51;
	objects = {

/* Begin PBXBuildFile section */
		04B7E6B026BC30A000353E08 /* NSString+JSString.m in Sources */ = {isa = PBXBuildFile; fileRef = 04B7E65C26BC30A000353E08 /* NSString+JSString.m */; };
		04B7E6B126BC30A000353E08 /* UIColor+JSColor.m in Sources */ = {isa = PBXBuildFile; fileRef = 04B7E65D26BC30A000353E08 /* UIColor+JSColor.m */; };
		04B7E6B226BC30A000353E08 /* UIFont+JSFont.m in Sources */ = {isa = PBXBuildFile; fileRef = 04B7E65F26BC30A000353E08 /* UIFont+JSFont.m */; };
		04B7E6B326BC30A000353E08 /* UIView+RoundedCorners.m in Sources */ = {isa = PBXBuildFile; fileRef = 04B7E66226BC30A000353E08 /* UIView+RoundedCorners.m */; };
		04B7E6B426BC30A000353E08 /* UITextField+JSTTextField.m in Sources */ = {isa = PBXBuildFile; fileRef = 04B7E66426BC30A000353E08 /* UITextField+JSTTextField.m */; };
		04B7E6B526BC30A000353E08 /* UIScrollView+Ext.m in Sources */ = {isa = PBXBuildFile; fileRef = 04B7E66826BC30A000353E08 /* UIScrollView+Ext.m */; };
		04B7E6B626BC30A000353E08 /* UILabel+XHQAttributed.m in Sources */ = {isa = PBXBuildFile; fileRef = 04B7E66C26BC30A000353E08 /* UILabel+XHQAttributed.m */; };
		04B7E6B726BC30A000353E08 /* UILabel+Ext.m in Sources */ = {isa = PBXBuildFile; fileRef = 04B7E66D26BC30A000353E08 /* UILabel+Ext.m */; };
		04B7E6B826BC30A000353E08 /* UIButton+TouchAreaInsets.m in Sources */ = {isa = PBXBuildFile; fileRef = 04B7E67426BC30A000353E08 /* UIButton+TouchAreaInsets.m */; };
		04B7E6B926BC30A000353E08 /* UIButton+XHQEdgeInsets.m in Sources */ = {isa = PBXBuildFile; fileRef = 04B7E67526BC30A000353E08 /* UIButton+XHQEdgeInsets.m */; };
		04B7E6BA26BC30A000353E08 /* UIButton+imagePosit.m in Sources */ = {isa = PBXBuildFile; fileRef = 04B7E67626BC30A000353E08 /* UIButton+imagePosit.m */; };
		04B7E6BB26BC30A000353E08 /* UIButton+Ext.m in Sources */ = {isa = PBXBuildFile; fileRef = 04B7E67726BC30A000353E08 /* UIButton+Ext.m */; };
		04B7E6BC26BC30A000353E08 /* UIColor+Ext.m in Sources */ = {isa = PBXBuildFile; fileRef = 04B7E67926BC30A000353E08 /* UIColor+Ext.m */; };
		04B7E6BD26BC30A000353E08 /* UIView+Ext.m in Sources */ = {isa = PBXBuildFile; fileRef = 04B7E67D26BC30A000353E08 /* UIView+Ext.m */; };
		04B7E6BE26BC30A000353E08 /* UIView+XHQGestureRecognizer.m in Sources */ = {isa = PBXBuildFile; fileRef = 04B7E67F26BC30A000353E08 /* UIView+XHQGestureRecognizer.m */; };
		04B7E6BF26BC30A000353E08 /* UIView+drawDashLine.m in Sources */ = {isa = PBXBuildFile; fileRef = 04B7E68126BC30A000353E08 /* UIView+drawDashLine.m */; };
		04B7E6C026BC30A000353E08 /* UIFont+Ext.m in Sources */ = {isa = PBXBuildFile; fileRef = 04B7E68426BC30A000353E08 /* UIFont+Ext.m */; };
		04B7E6C126BC30A000353E08 /* UICollectionView+Ext.m in Sources */ = {isa = PBXBuildFile; fileRef = 04B7E68726BC30A000353E08 /* UICollectionView+Ext.m */; };
		04B7E6C226BC30A000353E08 /* UIViewController+XHQ_ActionSheet.m in Sources */ = {isa = PBXBuildFile; fileRef = 04B7E68B26BC30A000353E08 /* UIViewController+XHQ_ActionSheet.m */; };
		04B7E6C326BC30A000353E08 /* UIViewController+Ext.m in Sources */ = {isa = PBXBuildFile; fileRef = 04B7E68C26BC30A000353E08 /* UIViewController+Ext.m */; };
		04B7E6C426BC30A000353E08 /* UITableView+Ext.m in Sources */ = {isa = PBXBuildFile; fileRef = 04B7E68F26BC30A000353E08 /* UITableView+Ext.m */; };
		04B7E6C526BC30A000353E08 /* UIControl+repeatClick.m in Sources */ = {isa = PBXBuildFile; fileRef = 04B7E69226BC30A000353E08 /* UIControl+repeatClick.m */; };
		04B7E6C626BC30A000353E08 /* UITextField+Ext.m in Sources */ = {isa = PBXBuildFile; fileRef = 04B7E69526BC30A000353E08 /* UITextField+Ext.m */; };
		04B7E6C726BC30A000353E08 /* NSString+XHQRegular.m in Sources */ = {isa = PBXBuildFile; fileRef = 04B7E69926BC30A000353E08 /* NSString+XHQRegular.m */; };
		04B7E6C826BC30A000353E08 /* NSString+Ext.m in Sources */ = {isa = PBXBuildFile; fileRef = 04B7E69A26BC30A000353E08 /* NSString+Ext.m */; };
		04B7E6C926BC30A000353E08 /* NSArray+XHQSafe.m in Sources */ = {isa = PBXBuildFile; fileRef = 04B7E69E26BC30A000353E08 /* NSArray+XHQSafe.m */; };
		04B7E6CA26BC30A000353E08 /* NSObject+Ext.m in Sources */ = {isa = PBXBuildFile; fileRef = 04B7E6A126BC30A000353E08 /* NSObject+Ext.m */; };
		04B7E6CB26BC30A000353E08 /* NSNotification+Ext.m in Sources */ = {isa = PBXBuildFile; fileRef = 04B7E6A426BC30A000353E08 /* NSNotification+Ext.m */; };
		04B7E6CC26BC30A000353E08 /* NSDate+Extend.m in Sources */ = {isa = PBXBuildFile; fileRef = 04B7E6A826BC30A000353E08 /* NSDate+Extend.m */; };
		04B7E6CD26BC30A000353E08 /* NSData+HSData.m in Sources */ = {isa = PBXBuildFile; fileRef = 04B7E6A926BC30A000353E08 /* NSData+HSData.m */; };
		04B7E6CE26BC30A000353E08 /* UIDevice+ReboDevice.m in Sources */ = {isa = PBXBuildFile; fileRef = 04B7E6AB26BC30A000353E08 /* UIDevice+ReboDevice.m */; };
		04B7E6CF26BC30A000353E08 /* UIView+ViewExtension.m in Sources */ = {isa = PBXBuildFile; fileRef = 04B7E6AC26BC30A000353E08 /* UIView+ViewExtension.m */; };
		04F0F92626B9431900AEE76D /* AppDelegate.m in Sources */ = {isa = PBXBuildFile; fileRef = 04F0F92526B9431900AEE76D /* AppDelegate.m */; };
		04F0F92C26B9431900AEE76D /* ViewController.m in Sources */ = {isa = PBXBuildFile; fileRef = 04F0F92B26B9431900AEE76D /* ViewController.m */; };
		04F0F92F26B9431900AEE76D /* Main.storyboard in Resources */ = {isa = PBXBuildFile; fileRef = 04F0F92D26B9431900AEE76D /* Main.storyboard */; };
		04F0F93126B9432200AEE76D /* Assets.xcassets in Resources */ = {isa = PBXBuildFile; fileRef = 04F0F93026B9432200AEE76D /* Assets.xcassets */; };
		04F0F93426B9432200AEE76D /* LaunchScreen.storyboard in Resources */ = {isa = PBXBuildFile; fileRef = 04F0F93226B9432200AEE76D /* LaunchScreen.storyboard */; };
		04F0F93726B9432200AEE76D /* main.m in Sources */ = {isa = PBXBuildFile; fileRef = 04F0F93626B9432200AEE76D /* main.m */; };
		04F0F94126B9432200AEE76D /* Test20210803Tests.m in Sources */ = {isa = PBXBuildFile; fileRef = 04F0F94026B9432200AEE76D /* Test20210803Tests.m */; };
		04F0F94C26B9432200AEE76D /* Test20210803UITests.m in Sources */ = {isa = PBXBuildFile; fileRef = 04F0F94B26B9432200AEE76D /* Test20210803UITests.m */; };
		320E126E295177E925410785 /* libPods-Test20210803.a in Frameworks */ = {isa = PBXBuildFile; fileRef = 829333800890238058870ED3 /* libPods-Test20210803.a */; };
/* End PBXBuildFile section */

/* Begin PBXContainerItemProxy section */
		04F0F93D26B9432200AEE76D /* PBXContainerItemProxy */ = {
			isa = PBXContainerItemProxy;
			containerPortal = 04F0F91926B9431900AEE76D /* Project object */;
			proxyType = 1;
			remoteGlobalIDString = 04F0F92026B9431900AEE76D;
			remoteInfo = Test20210803;
		};
		04F0F94826B9432200AEE76D /* PBXContainerItemProxy */ = {
			isa = PBXContainerItemProxy;
			containerPortal = 04F0F91926B9431900AEE76D /* Project object */;
			proxyType = 1;
			remoteGlobalIDString = 04F0F92026B9431900AEE76D;
			remoteInfo = Test20210803;
		};
/* End PBXContainerItemProxy section */

/* Begin PBXFileReference section */
		04B7E65B26BC30A000353E08 /* NSData+HSData.h */ = {isa = PBXFileReference; fileEncoding = 4; lastKnownFileType = sourcecode.c.h; path = "NSData+HSData.h"; sourceTree = "<group>"; };
		04B7E65C26BC30A000353E08 /* NSString+JSString.m */ = {isa = PBXFileReference; fileEncoding = 4; lastKnownFileType = sourcecode.c.objc; path = "NSString+JSString.m"; sourceTree = "<group>"; };
		04B7E65D26BC30A000353E08 /* UIColor+JSColor.m */ = {isa = PBXFileReference; fileEncoding = 4; lastKnownFileType = sourcecode.c.objc; path = "UIColor+JSColor.m"; sourceTree = "<group>"; };
		04B7E65E26BC30A000353E08 /* UIView+ViewExtension.h */ = {isa = PBXFileReference; fileEncoding = 4; lastKnownFileType = sourcecode.c.h; path = "UIView+ViewExtension.h"; sourceTree = "<group>"; };
		04B7E65F26BC30A000353E08 /* UIFont+JSFont.m */ = {isa = PBXFileReference; fileEncoding = 4; lastKnownFileType = sourcecode.c.objc; path = "UIFont+JSFont.m"; sourceTree = "<group>"; };
		04B7E66026BC30A000353E08 /* UIDevice+ReboDevice.h */ = {isa = PBXFileReference; fileEncoding = 4; lastKnownFileType = sourcecode.c.h; path = "UIDevice+ReboDevice.h"; sourceTree = "<group>"; };
		04B7E66226BC30A000353E08 /* UIView+RoundedCorners.m */ = {isa = PBXFileReference; fileEncoding = 4; lastKnownFileType = sourcecode.c.objc; path = "UIView+RoundedCorners.m"; sourceTree = "<group>"; };
		04B7E66326BC30A000353E08 /* UIView+RoundedCorners.h */ = {isa = PBXFileReference; fileEncoding = 4; lastKnownFileType = sourcecode.c.h; path = "UIView+RoundedCorners.h"; sourceTree = "<group>"; };
		04B7E66426BC30A000353E08 /* UITextField+JSTTextField.m */ = {isa = PBXFileReference; fileEncoding = 4; lastKnownFileType = sourcecode.c.objc; path = "UITextField+JSTTextField.m"; sourceTree = "<group>"; };
		04B7E66826BC30A000353E08 /* UIScrollView+Ext.m */ = {isa = PBXFileReference; fileEncoding = 4; lastKnownFileType = sourcecode.c.objc; path = "UIScrollView+Ext.m"; sourceTree = "<group>"; };
		04B7E66926BC30A000353E08 /* UIScrollView+Ext.h */ = {isa = PBXFileReference; fileEncoding = 4; lastKnownFileType = sourcecode.c.h; path = "UIScrollView+Ext.h"; sourceTree = "<group>"; };
		04B7E66B26BC30A000353E08 /* UILabel+Ext.h */ = {isa = PBXFileReference; fileEncoding = 4; lastKnownFileType = sourcecode.c.h; path = "UILabel+Ext.h"; sourceTree = "<group>"; };
		04B7E66C26BC30A000353E08 /* UILabel+XHQAttributed.m */ = {isa = PBXFileReference; fileEncoding = 4; lastKnownFileType = sourcecode.c.objc; path = "UILabel+XHQAttributed.m"; sourceTree = "<group>"; };
		04B7E66D26BC30A000353E08 /* UILabel+Ext.m */ = {isa = PBXFileReference; fileEncoding = 4; lastKnownFileType = sourcecode.c.objc; path = "UILabel+Ext.m"; sourceTree = "<group>"; };
		04B7E66E26BC30A000353E08 /* UILabel+XHQAttributed.h */ = {isa = PBXFileReference; fileEncoding = 4; lastKnownFileType = sourcecode.c.h; path = "UILabel+XHQAttributed.h"; sourceTree = "<group>"; };
		04B7E67026BC30A000353E08 /* UIButton+XHQEdgeInsets.h */ = {isa = PBXFileReference; fileEncoding = 4; lastKnownFileType = sourcecode.c.h; path = "UIButton+XHQEdgeInsets.h"; sourceTree = "<group>"; };
		04B7E67126BC30A000353E08 /* UIButton+TouchAreaInsets.h */ = {isa = PBXFileReference; fileEncoding = 4; lastKnownFileType = sourcecode.c.h; path = "UIButton+TouchAreaInsets.h"; sourceTree = "<group>"; };
		04B7E67226BC30A000353E08 /* UIButton+Ext.h */ = {isa = PBXFileReference; fileEncoding = 4; lastKnownFileType = sourcecode.c.h; path = "UIButton+Ext.h"; sourceTree = "<group>"; };
		04B7E67326BC30A000353E08 /* UIButton+imagePosit.h */ = {isa = PBXFileReference; fileEncoding = 4; lastKnownFileType = sourcecode.c.h; path = "UIButton+imagePosit.h"; sourceTree = "<group>"; };
		04B7E67426BC30A000353E08 /* UIButton+TouchAreaInsets.m */ = {isa = PBXFileReference; fileEncoding = 4; lastKnownFileType = sourcecode.c.objc; path = "UIButton+TouchAreaInsets.m"; sourceTree = "<group>"; };
		04B7E67526BC30A000353E08 /* UIButton+XHQEdgeInsets.m */ = {isa = PBXFileReference; fileEncoding = 4; lastKnownFileType = sourcecode.c.objc; path = "UIButton+XHQEdgeInsets.m"; sourceTree = "<group>"; };
		04B7E67626BC30A000353E08 /* UIButton+imagePosit.m */ = {isa = PBXFileReference; fileEncoding = 4; lastKnownFileType = sourcecode.c.objc; path = "UIButton+imagePosit.m"; sourceTree = "<group>"; };
		04B7E67726BC30A000353E08 /* UIButton+Ext.m */ = {isa = PBXFileReference; fileEncoding = 4; lastKnownFileType = sourcecode.c.objc; path = "UIButton+Ext.m"; sourceTree = "<group>"; };
		04B7E67926BC30A000353E08 /* UIColor+Ext.m */ = {isa = PBXFileReference; fileEncoding = 4; lastKnownFileType = sourcecode.c.objc; path = "UIColor+Ext.m"; sourceTree = "<group>"; };
		04B7E67A26BC30A000353E08 /* UIColor+Ext.h */ = {isa = PBXFileReference; fileEncoding = 4; lastKnownFileType = sourcecode.c.h; path = "UIColor+Ext.h"; sourceTree = "<group>"; };
		04B7E67C26BC30A000353E08 /* UIView+drawDashLine.h */ = {isa = PBXFileReference; fileEncoding = 4; lastKnownFileType = sourcecode.c.h; path = "UIView+drawDashLine.h"; sourceTree = "<group>"; };
		04B7E67D26BC30A000353E08 /* UIView+Ext.m */ = {isa = PBXFileReference; fileEncoding = 4; lastKnownFileType = sourcecode.c.objc; path = "UIView+Ext.m"; sourceTree = "<group>"; };
		04B7E67E26BC30A000353E08 /* UIView+XHQGestureRecognizer.h */ = {isa = PBXFileReference; fileEncoding = 4; lastKnownFileType = sourcecode.c.h; path = "UIView+XHQGestureRecognizer.h"; sourceTree = "<group>"; };
		04B7E67F26BC30A000353E08 /* UIView+XHQGestureRecognizer.m */ = {isa = PBXFileReference; fileEncoding = 4; lastKnownFileType = sourcecode.c.objc; path = "UIView+XHQGestureRecognizer.m"; sourceTree = "<group>"; };
		04B7E68026BC30A000353E08 /* UIView+Ext.h */ = {isa = PBXFileReference; fileEncoding = 4; lastKnownFileType = sourcecode.c.h; path = "UIView+Ext.h"; sourceTree = "<group>"; };
		04B7E68126BC30A000353E08 /* UIView+drawDashLine.m */ = {isa = PBXFileReference; fileEncoding = 4; lastKnownFileType = sourcecode.c.objc; path = "UIView+drawDashLine.m"; sourceTree = "<group>"; };
		04B7E68326BC30A000353E08 /* UIFont+Ext.h */ = {isa = PBXFileReference; fileEncoding = 4; lastKnownFileType = sourcecode.c.h; path = "UIFont+Ext.h"; sourceTree = "<group>"; };
		04B7E68426BC30A000353E08 /* UIFont+Ext.m */ = {isa = PBXFileReference; fileEncoding = 4; lastKnownFileType = sourcecode.c.objc; path = "UIFont+Ext.m"; sourceTree = "<group>"; };
		04B7E68626BC30A000353E08 /* UICollectionView+Ext.h */ = {isa = PBXFileReference; fileEncoding = 4; lastKnownFileType = sourcecode.c.h; path = "UICollectionView+Ext.h"; sourceTree = "<group>"; };
		04B7E68726BC30A000353E08 /* UICollectionView+Ext.m */ = {isa = PBXFileReference; fileEncoding = 4; lastKnownFileType = sourcecode.c.objc; path = "UICollectionView+Ext.m"; sourceTree = "<group>"; };
		04B7E68926BC30A000353E08 /* UIViewController+XHQ_ActionSheet.h */ = {isa = PBXFileReference; fileEncoding = 4; lastKnownFileType = sourcecode.c.h; path = "UIViewController+XHQ_ActionSheet.h"; sourceTree = "<group>"; };
		04B7E68A26BC30A000353E08 /* UIViewController+Ext.h */ = {isa = PBXFileReference; fileEncoding = 4; lastKnownFileType = sourcecode.c.h; path = "UIViewController+Ext.h"; sourceTree = "<group>"; };
		04B7E68B26BC30A000353E08 /* UIViewController+XHQ_ActionSheet.m */ = {isa = PBXFileReference; fileEncoding = 4; lastKnownFileType = sourcecode.c.objc; path = "UIViewController+XHQ_ActionSheet.m"; sourceTree = "<group>"; };
		04B7E68C26BC30A000353E08 /* UIViewController+Ext.m */ = {isa = PBXFileReference; fileEncoding = 4; lastKnownFileType = sourcecode.c.objc; path = "UIViewController+Ext.m"; sourceTree = "<group>"; };
		04B7E68E26BC30A000353E08 /* UITableView+Ext.h */ = {isa = PBXFileReference; fileEncoding = 4; lastKnownFileType = sourcecode.c.h; path = "UITableView+Ext.h"; sourceTree = "<group>"; };
		04B7E68F26BC30A000353E08 /* UITableView+Ext.m */ = {isa = PBXFileReference; fileEncoding = 4; lastKnownFileType = sourcecode.c.objc; path = "UITableView+Ext.m"; sourceTree = "<group>"; };
		04B7E69126BC30A000353E08 /* UIControl+repeatClick.h */ = {isa = PBXFileReference; fileEncoding = 4; lastKnownFileType = sourcecode.c.h; path = "UIControl+repeatClick.h"; sourceTree = "<group>"; };
		04B7E69226BC30A000353E08 /* UIControl+repeatClick.m */ = {isa = PBXFileReference; fileEncoding = 4; lastKnownFileType = sourcecode.c.objc; path = "UIControl+repeatClick.m"; sourceTree = "<group>"; };
		04B7E69426BC30A000353E08 /* UITextField+Ext.h */ = {isa = PBXFileReference; fileEncoding = 4; lastKnownFileType = sourcecode.c.h; path = "UITextField+Ext.h"; sourceTree = "<group>"; };
		04B7E69526BC30A000353E08 /* UITextField+Ext.m */ = {isa = PBXFileReference; fileEncoding = 4; lastKnownFileType = sourcecode.c.objc; path = "UITextField+Ext.m"; sourceTree = "<group>"; };
		04B7E69626BC30A000353E08 /* XHQExtensions.h */ = {isa = PBXFileReference; fileEncoding = 4; lastKnownFileType = sourcecode.c.h; path = XHQExtensions.h; sourceTree = "<group>"; };
		04B7E69926BC30A000353E08 /* NSString+XHQRegular.m */ = {isa = PBXFileReference; fileEncoding = 4; lastKnownFileType = sourcecode.c.objc; path = "NSString+XHQRegular.m"; sourceTree = "<group>"; };
		04B7E69A26BC30A000353E08 /* NSString+Ext.m */ = {isa = PBXFileReference; fileEncoding = 4; lastKnownFileType = sourcecode.c.objc; path = "NSString+Ext.m"; sourceTree = "<group>"; };
		04B7E69B26BC30A000353E08 /* NSString+XHQRegular.h */ = {isa = PBXFileReference; fileEncoding = 4; lastKnownFileType = sourcecode.c.h; path = "NSString+XHQRegular.h"; sourceTree = "<group>"; };
		04B7E69C26BC30A000353E08 /* NSString+Ext.h */ = {isa = PBXFileReference; fileEncoding = 4; lastKnownFileType = sourcecode.c.h; path = "NSString+Ext.h"; sourceTree = "<group>"; };
		04B7E69E26BC30A000353E08 /* NSArray+XHQSafe.m */ = {isa = PBXFileReference; fileEncoding = 4; lastKnownFileType = sourcecode.c.objc; path = "NSArray+XHQSafe.m"; sourceTree = "<group>"; };
		04B7E69F26BC30A000353E08 /* NSArray+XHQSafe.h */ = {isa = PBXFileReference; fileEncoding = 4; lastKnownFileType = sourcecode.c.h; path = "NSArray+XHQSafe.h"; sourceTree = "<group>"; };
		04B7E6A126BC30A000353E08 /* NSObject+Ext.m */ = {isa = PBXFileReference; fileEncoding = 4; lastKnownFileType = sourcecode.c.objc; path = "NSObject+Ext.m"; sourceTree = "<group>"; };
		04B7E6A226BC30A000353E08 /* NSObject+Ext.h */ = {isa = PBXFileReference; fileEncoding = 4; lastKnownFileType = sourcecode.c.h; path = "NSObject+Ext.h"; sourceTree = "<group>"; };
		04B7E6A426BC30A000353E08 /* NSNotification+Ext.m */ = {isa = PBXFileReference; fileEncoding = 4; lastKnownFileType = sourcecode.c.objc; path = "NSNotification+Ext.m"; sourceTree = "<group>"; };
		04B7E6A526BC30A000353E08 /* NSNotification+Ext.h */ = {isa = PBXFileReference; fileEncoding = 4; lastKnownFileType = sourcecode.c.h; path = "NSNotification+Ext.h"; sourceTree = "<group>"; };
		04B7E6A726BC30A000353E08 /* NSDate+Extend.h */ = {isa = PBXFileReference; fileEncoding = 4; lastKnownFileType = sourcecode.c.h; path = "NSDate+Extend.h"; sourceTree = "<group>"; };
		04B7E6A826BC30A000353E08 /* NSDate+Extend.m */ = {isa = PBXFileReference; fileEncoding = 4; lastKnownFileType = sourcecode.c.objc; path = "NSDate+Extend.m"; sourceTree = "<group>"; };
		04B7E6A926BC30A000353E08 /* NSData+HSData.m */ = {isa = PBXFileReference; fileEncoding = 4; lastKnownFileType = sourcecode.c.objc; path = "NSData+HSData.m"; sourceTree = "<group>"; };
		04B7E6AA26BC30A000353E08 /* UIFont+JSFont.h */ = {isa = PBXFileReference; fileEncoding = 4; lastKnownFileType = sourcecode.c.h; path = "UIFont+JSFont.h"; sourceTree = "<group>"; };
		04B7E6AB26BC30A000353E08 /* UIDevice+ReboDevice.m */ = {isa = PBXFileReference; fileEncoding = 4; lastKnownFileType = sourcecode.c.objc; path = "UIDevice+ReboDevice.m"; sourceTree = "<group>"; };
		04B7E6AC26BC30A000353E08 /* UIView+ViewExtension.m */ = {isa = PBXFileReference; fileEncoding = 4; lastKnownFileType = sourcecode.c.objc; path = "UIView+ViewExtension.m"; sourceTree = "<group>"; };
		04B7E6AD26BC30A000353E08 /* UIColor+JSColor.h */ = {isa = PBXFileReference; fileEncoding = 4; lastKnownFileType = sourcecode.c.h; path = "UIColor+JSColor.h"; sourceTree = "<group>"; };
		04B7E6AE26BC30A000353E08 /* NSString+JSString.h */ = {isa = PBXFileReference; fileEncoding = 4; lastKnownFileType = sourcecode.c.h; path = "NSString+JSString.h"; sourceTree = "<group>"; };
		04B7E6AF26BC30A000353E08 /* UITextField+JSTTextField.h */ = {isa = PBXFileReference; fileEncoding = 4; lastKnownFileType = sourcecode.c.h; path = "UITextField+JSTTextField.h"; sourceTree = "<group>"; };
		04B7E6D026BC338300353E08 /* PrefixHeader.pch */ = {isa = PBXFileReference; fileEncoding = 4; lastKnownFileType = sourcecode.c.h; path = PrefixHeader.pch; sourceTree = "<group>"; };
		04F0F92126B9431900AEE76D /* Test20210803.app */ = {isa = PBXFileReference; explicitFileType = wrapper.application; includeInIndex = 0; path = Test20210803.app; sourceTree = BUILT_PRODUCTS_DIR; };
		04F0F92426B9431900AEE76D /* AppDelegate.h */ = {isa = PBXFileReference; lastKnownFileType = sourcecode.c.h; path = AppDelegate.h; sourceTree = "<group>"; };
		04F0F92526B9431900AEE76D /* AppDelegate.m */ = {isa = PBXFileReference; lastKnownFileType = sourcecode.c.objc; path = AppDelegate.m; sourceTree = "<group>"; };
		04F0F92A26B9431900AEE76D /* ViewController.h */ = {isa = PBXFileReference; lastKnownFileType = sourcecode.c.h; path = ViewController.h; sourceTree = "<group>"; };
		04F0F92B26B9431900AEE76D /* ViewController.m */ = {isa = PBXFileReference; lastKnownFileType = sourcecode.c.objc; path = ViewController.m; sourceTree = "<group>"; };
		04F0F92E26B9431900AEE76D /* Base */ = {isa = PBXFileReference; lastKnownFileType = file.storyboard; name = Base; path = Base.lproj/Main.storyboard; sourceTree = "<group>"; };
		04F0F93026B9432200AEE76D /* Assets.xcassets */ = {isa = PBXFileReference; lastKnownFileType = folder.assetcatalog; path = Assets.xcassets; sourceTree = "<group>"; };
		04F0F93326B9432200AEE76D /* Base */ = {isa = PBXFileReference; lastKnownFileType = file.storyboard; name = Base; path = Base.lproj/LaunchScreen.storyboard; sourceTree = "<group>"; };
		04F0F93526B9432200AEE76D /* Info.plist */ = {isa = PBXFileReference; lastKnownFileType = text.plist.xml; path = Info.plist; sourceTree = "<group>"; };
		04F0F93626B9432200AEE76D /* main.m */ = {isa = PBXFileReference; lastKnownFileType = sourcecode.c.objc; path = main.m; sourceTree = "<group>"; };
		04F0F93C26B9432200AEE76D /* Test20210803Tests.xctest */ = {isa = PBXFileReference; explicitFileType = wrapper.cfbundle; includeInIndex = 0; path = Test20210803Tests.xctest; sourceTree = BUILT_PRODUCTS_DIR; };
		04F0F94026B9432200AEE76D /* Test20210803Tests.m */ = {isa = PBXFileReference; lastKnownFileType = sourcecode.c.objc; path = Test20210803Tests.m; sourceTree = "<group>"; };
		04F0F94226B9432200AEE76D /* Info.plist */ = {isa = PBXFileReference; lastKnownFileType = text.plist.xml; path = Info.plist; sourceTree = "<group>"; };
		04F0F94726B9432200AEE76D /* Test20210803UITests.xctest */ = {isa = PBXFileReference; explicitFileType = wrapper.cfbundle; includeInIndex = 0; path = Test20210803UITests.xctest; sourceTree = BUILT_PRODUCTS_DIR; };
		04F0F94B26B9432200AEE76D /* Test20210803UITests.m */ = {isa = PBXFileReference; lastKnownFileType = sourcecode.c.objc; path = Test20210803UITests.m; sourceTree = "<group>"; };
		04F0F94D26B9432200AEE76D /* Info.plist */ = {isa = PBXFileReference; lastKnownFileType = text.plist.xml; path = Info.plist; sourceTree = "<group>"; };
		11F346D81C2C6AF509E4EC7F /* Pods-Test20210803.release.xcconfig */ = {isa = PBXFileReference; includeInIndex = 1; lastKnownFileType = text.xcconfig; name = "Pods-Test20210803.release.xcconfig"; path = "Target Support Files/Pods-Test20210803/Pods-Test20210803.release.xcconfig"; sourceTree = "<group>"; };
		829333800890238058870ED3 /* libPods-Test20210803.a */ = {isa = PBXFileReference; explicitFileType = archive.ar; includeInIndex = 0; path = "libPods-Test20210803.a"; sourceTree = BUILT_PRODUCTS_DIR; };
		FE26E89CAAE28CFC455EBEA5 /* Pods-Test20210803.debug.xcconfig */ = {isa = PBXFileReference; includeInIndex = 1; lastKnownFileType = text.xcconfig; name = "Pods-Test20210803.debug.xcconfig"; path = "Target Support Files/Pods-Test20210803/Pods-Test20210803.debug.xcconfig"; sourceTree = "<group>"; };
/* End PBXFileReference section */

/* Begin PBXFrameworksBuildPhase section */
		04F0F91E26B9431900AEE76D /* Frameworks */ = {
			isa = PBXFrameworksBuildPhase;
			buildActionMask = 2147483647;
			files = (
				320E126E295177E925410785 /* libPods-Test20210803.a in Frameworks */,
			);
			runOnlyForDeploymentPostprocessing = 0;
		};
		04F0F93926B9432200AEE76D /* Frameworks */ = {
			isa = PBXFrameworksBuildPhase;
			buildActionMask = 2147483647;
			files = (
			);
			runOnlyForDeploymentPostprocessing = 0;
		};
		04F0F94426B9432200AEE76D /* Frameworks */ = {
			isa = PBXFrameworksBuildPhase;
			buildActionMask = 2147483647;
			files = (
			);
			runOnlyForDeploymentPostprocessing = 0;
		};
/* End PBXFrameworksBuildPhase section */

/* Begin PBXGroup section */
		04B7E65A26BC30A000353E08 /* extension */ = {
			isa = PBXGroup;
			children = (
				04B7E65B26BC30A000353E08 /* NSData+HSData.h */,
				04B7E65C26BC30A000353E08 /* NSString+JSString.m */,
				04B7E65D26BC30A000353E08 /* UIColor+JSColor.m */,
				04B7E65E26BC30A000353E08 /* UIView+ViewExtension.h */,
				04B7E65F26BC30A000353E08 /* UIFont+JSFont.m */,
				04B7E66026BC30A000353E08 /* UIDevice+ReboDevice.h */,
				04B7E66126BC30A000353E08 /* UIViewRoundedCorners */,
				04B7E66426BC30A000353E08 /* UITextField+JSTTextField.m */,
				04B7E66526BC30A000353E08 /* Extensions */,
				04B7E6A926BC30A000353E08 /* NSData+HSData.m */,
				04B7E6AA26BC30A000353E08 /* UIFont+JSFont.h */,
				04B7E6AB26BC30A000353E08 /* UIDevice+ReboDevice.m */,
				04B7E6AC26BC30A000353E08 /* UIView+ViewExtension.m */,
				04B7E6AD26BC30A000353E08 /* UIColor+JSColor.h */,
				04B7E6AE26BC30A000353E08 /* NSString+JSString.h */,
				04B7E6AF26BC30A000353E08 /* UITextField+JSTTextField.h */,
			);
			path = extension;
			sourceTree = "<group>";
		};
		04B7E66126BC30A000353E08 /* UIViewRoundedCorners */ = {
			isa = PBXGroup;
			children = (
				04B7E66226BC30A000353E08 /* UIView+RoundedCorners.m */,
				04B7E66326BC30A000353E08 /* UIView+RoundedCorners.h */,
			);
			path = UIViewRoundedCorners;
			sourceTree = "<group>";
		};
		04B7E66526BC30A000353E08 /* Extensions */ = {
			isa = PBXGroup;
			children = (
				04B7E66626BC30A000353E08 /* UIKit */,
				04B7E69626BC30A000353E08 /* XHQExtensions.h */,
				04B7E69726BC30A000353E08 /* Foundation */,
			);
			path = Extensions;
			sourceTree = "<group>";
		};
		04B7E66626BC30A000353E08 /* UIKit */ = {
			isa = PBXGroup;
			children = (
				04B7E66726BC30A000353E08 /* UIScrollView */,
				04B7E66A26BC30A000353E08 /* UILabel */,
				04B7E66F26BC30A000353E08 /* UIButton */,
				04B7E67826BC30A000353E08 /* UIColor */,
				04B7E67B26BC30A000353E08 /* UIView */,
				04B7E68226BC30A000353E08 /* UIFont */,
				04B7E68526BC30A000353E08 /* UICollectionView */,
				04B7E68826BC30A000353E08 /* UIViewController */,
				04B7E68D26BC30A000353E08 /* UITableView */,
				04B7E69026BC30A000353E08 /* UIControl */,
				04B7E69326BC30A000353E08 /* UITextField */,
			);
			path = UIKit;
			sourceTree = "<group>";
		};
		04B7E66726BC30A000353E08 /* UIScrollView */ = {
			isa = PBXGroup;
			children = (
				04B7E66826BC30A000353E08 /* UIScrollView+Ext.m */,
				04B7E66926BC30A000353E08 /* UIScrollView+Ext.h */,
			);
			path = UIScrollView;
			sourceTree = "<group>";
		};
		04B7E66A26BC30A000353E08 /* UILabel */ = {
			isa = PBXGroup;
			children = (
				04B7E66B26BC30A000353E08 /* UILabel+Ext.h */,
				04B7E66C26BC30A000353E08 /* UILabel+XHQAttributed.m */,
				04B7E66D26BC30A000353E08 /* UILabel+Ext.m */,
				04B7E66E26BC30A000353E08 /* UILabel+XHQAttributed.h */,
			);
			path = UILabel;
			sourceTree = "<group>";
		};
		04B7E66F26BC30A000353E08 /* UIButton */ = {
			isa = PBXGroup;
			children = (
				04B7E67026BC30A000353E08 /* UIButton+XHQEdgeInsets.h */,
				04B7E67126BC30A000353E08 /* UIButton+TouchAreaInsets.h */,
				04B7E67226BC30A000353E08 /* UIButton+Ext.h */,
				04B7E67326BC30A000353E08 /* UIButton+imagePosit.h */,
				04B7E67426BC30A000353E08 /* UIButton+TouchAreaInsets.m */,
				04B7E67526BC30A000353E08 /* UIButton+XHQEdgeInsets.m */,
				04B7E67626BC30A000353E08 /* UIButton+imagePosit.m */,
				04B7E67726BC30A000353E08 /* UIButton+Ext.m */,
			);
			path = UIButton;
			sourceTree = "<group>";
		};
		04B7E67826BC30A000353E08 /* UIColor */ = {
			isa = PBXGroup;
			children = (
				04B7E67926BC30A000353E08 /* UIColor+Ext.m */,
				04B7E67A26BC30A000353E08 /* UIColor+Ext.h */,
			);
			path = UIColor;
			sourceTree = "<group>";
		};
		04B7E67B26BC30A000353E08 /* UIView */ = {
			isa = PBXGroup;
			children = (
				04B7E67C26BC30A000353E08 /* UIView+drawDashLine.h */,
				04B7E67D26BC30A000353E08 /* UIView+Ext.m */,
				04B7E67E26BC30A000353E08 /* UIView+XHQGestureRecognizer.h */,
				04B7E67F26BC30A000353E08 /* UIView+XHQGestureRecognizer.m */,
				04B7E68026BC30A000353E08 /* UIView+Ext.h */,
				04B7E68126BC30A000353E08 /* UIView+drawDashLine.m */,
			);
			path = UIView;
			sourceTree = "<group>";
		};
		04B7E68226BC30A000353E08 /* UIFont */ = {
			isa = PBXGroup;
			children = (
				04B7E68326BC30A000353E08 /* UIFont+Ext.h */,
				04B7E68426BC30A000353E08 /* UIFont+Ext.m */,
			);
			path = UIFont;
			sourceTree = "<group>";
		};
		04B7E68526BC30A000353E08 /* UICollectionView */ = {
			isa = PBXGroup;
			children = (
				04B7E68626BC30A000353E08 /* UICollectionView+Ext.h */,
				04B7E68726BC30A000353E08 /* UICollectionView+Ext.m */,
			);
			path = UICollectionView;
			sourceTree = "<group>";
		};
		04B7E68826BC30A000353E08 /* UIViewController */ = {
			isa = PBXGroup;
			children = (
				04B7E68926BC30A000353E08 /* UIViewController+XHQ_ActionSheet.h */,
				04B7E68A26BC30A000353E08 /* UIViewController+Ext.h */,
				04B7E68B26BC30A000353E08 /* UIViewController+XHQ_ActionSheet.m */,
				04B7E68C26BC30A000353E08 /* UIViewController+Ext.m */,
			);
			path = UIViewController;
			sourceTree = "<group>";
		};
		04B7E68D26BC30A000353E08 /* UITableView */ = {
			isa = PBXGroup;
			children = (
				04B7E68E26BC30A000353E08 /* UITableView+Ext.h */,
				04B7E68F26BC30A000353E08 /* UITableView+Ext.m */,
			);
			path = UITableView;
			sourceTree = "<group>";
		};
		04B7E69026BC30A000353E08 /* UIControl */ = {
			isa = PBXGroup;
			children = (
				04B7E69126BC30A000353E08 /* UIControl+repeatClick.h */,
				04B7E69226BC30A000353E08 /* UIControl+repeatClick.m */,
			);
			path = UIControl;
			sourceTree = "<group>";
		};
		04B7E69326BC30A000353E08 /* UITextField */ = {
			isa = PBXGroup;
			children = (
				04B7E69426BC30A000353E08 /* UITextField+Ext.h */,
				04B7E69526BC30A000353E08 /* UITextField+Ext.m */,
			);
			path = UITextField;
			sourceTree = "<group>";
		};
		04B7E69726BC30A000353E08 /* Foundation */ = {
			isa = PBXGroup;
			children = (
				04B7E69826BC30A000353E08 /* NSString */,
				04B7E69D26BC30A000353E08 /* NSArray */,
				04B7E6A026BC30A000353E08 /* NSObject */,
				04B7E6A326BC30A000353E08 /* NSNotification */,
				04B7E6A626BC30A000353E08 /* NSDate */,
			);
			path = Foundation;
			sourceTree = "<group>";
		};
		04B7E69826BC30A000353E08 /* NSString */ = {
			isa = PBXGroup;
			children = (
				04B7E69926BC30A000353E08 /* NSString+XHQRegular.m */,
				04B7E69A26BC30A000353E08 /* NSString+Ext.m */,
				04B7E69B26BC30A000353E08 /* NSString+XHQRegular.h */,
				04B7E69C26BC30A000353E08 /* NSString+Ext.h */,
			);
			path = NSString;
			sourceTree = "<group>";
		};
		04B7E69D26BC30A000353E08 /* NSArray */ = {
			isa = PBXGroup;
			children = (
				04B7E69E26BC30A000353E08 /* NSArray+XHQSafe.m */,
				04B7E69F26BC30A000353E08 /* NSArray+XHQSafe.h */,
			);
			path = NSArray;
			sourceTree = "<group>";
		};
		04B7E6A026BC30A000353E08 /* NSObject */ = {
			isa = PBXGroup;
			children = (
				04B7E6A126BC30A000353E08 /* NSObject+Ext.m */,
				04B7E6A226BC30A000353E08 /* NSObject+Ext.h */,
			);
			path = NSObject;
			sourceTree = "<group>";
		};
		04B7E6A326BC30A000353E08 /* NSNotification */ = {
			isa = PBXGroup;
			children = (
				04B7E6A426BC30A000353E08 /* NSNotification+Ext.m */,
				04B7E6A526BC30A000353E08 /* NSNotification+Ext.h */,
			);
			path = NSNotification;
			sourceTree = "<group>";
		};
		04B7E6A626BC30A000353E08 /* NSDate */ = {
			isa = PBXGroup;
			children = (
				04B7E6A726BC30A000353E08 /* NSDate+Extend.h */,
				04B7E6A826BC30A000353E08 /* NSDate+Extend.m */,
			);
			path = NSDate;
			sourceTree = "<group>";
		};
		04F0F91826B9431900AEE76D = {
			isa = PBXGroup;
			children = (
				04F0F92326B9431900AEE76D /* Test20210803 */,
				04F0F93F26B9432200AEE76D /* Test20210803Tests */,
				04F0F94A26B9432200AEE76D /* Test20210803UITests */,
				04F0F92226B9431900AEE76D /* Products */,
				D370EC7AC26F2892CBC9E767 /* Pods */,
				953472FB2F9D7979AEEDF4BB /* Frameworks */,
			);
			sourceTree = "<group>";
		};
		04F0F92226B9431900AEE76D /* Products */ = {
			isa = PBXGroup;
			children = (
				04F0F92126B9431900AEE76D /* Test20210803.app */,
				04F0F93C26B9432200AEE76D /* Test20210803Tests.xctest */,
				04F0F94726B9432200AEE76D /* Test20210803UITests.xctest */,
			);
			name = Products;
			sourceTree = "<group>";
		};
		04F0F92326B9431900AEE76D /* Test20210803 */ = {
			isa = PBXGroup;
			children = (
				04B7E6D026BC338300353E08 /* PrefixHeader.pch */,
				04B7E65A26BC30A000353E08 /* extension */,
				04F0F92426B9431900AEE76D /* AppDelegate.h */,
				04F0F92526B9431900AEE76D /* AppDelegate.m */,
				04F0F92A26B9431900AEE76D /* ViewController.h */,
				04F0F92B26B9431900AEE76D /* ViewController.m */,
				04F0F92D26B9431900AEE76D /* Main.storyboard */,
				04F0F93026B9432200AEE76D /* Assets.xcassets */,
				04F0F93226B9432200AEE76D /* LaunchScreen.storyboard */,
				04F0F93526B9432200AEE76D /* Info.plist */,
				04F0F93626B9432200AEE76D /* main.m */,
			);
			path = Test20210803;
			sourceTree = "<group>";
		};
		04F0F93F26B9432200AEE76D /* Test20210803Tests */ = {
			isa = PBXGroup;
			children = (
				04F0F94026B9432200AEE76D /* Test20210803Tests.m */,
				04F0F94226B9432200AEE76D /* Info.plist */,
			);
			path = Test20210803Tests;
			sourceTree = "<group>";
		};
		04F0F94A26B9432200AEE76D /* Test20210803UITests */ = {
			isa = PBXGroup;
			children = (
				04F0F94B26B9432200AEE76D /* Test20210803UITests.m */,
				04F0F94D26B9432200AEE76D /* Info.plist */,
			);
			path = Test20210803UITests;
			sourceTree = "<group>";
		};
		953472FB2F9D7979AEEDF4BB /* Frameworks */ = {
			isa = PBXGroup;
			children = (
				829333800890238058870ED3 /* libPods-Test20210803.a */,
			);
			name = Frameworks;
			sourceTree = "<group>";
		};
		D370EC7AC26F2892CBC9E767 /* Pods */ = {
			isa = PBXGroup;
			children = (
				FE26E89CAAE28CFC455EBEA5 /* Pods-Test20210803.debug.xcconfig */,
				11F346D81C2C6AF509E4EC7F /* Pods-Test20210803.release.xcconfig */,
			);
			path = Pods;
			sourceTree = "<group>";
		};
/* End PBXGroup section */

/* Begin PBXNativeTarget section */
		04F0F92026B9431900AEE76D /* Test20210803 */ = {
			isa = PBXNativeTarget;
			buildConfigurationList = 04F0F95026B9432200AEE76D /* Build configuration list for PBXNativeTarget "Test20210803" */;
			buildPhases = (
				1617256EAEB89BA5158E87DC /* [CP] Check Pods Manifest.lock */,
				04F0F91D26B9431900AEE76D /* Sources */,
				04F0F91E26B9431900AEE76D /* Frameworks */,
				04F0F91F26B9431900AEE76D /* Resources */,
				B08ED88CB9BC910CA0883400 /* [CP] Copy Pods Resources */,
			);
			buildRules = (
			);
			dependencies = (
			);
			name = Test20210803;
			productName = Test20210803;
			productReference = 04F0F92126B9431900AEE76D /* Test20210803.app */;
			productType = "com.apple.product-type.application";
		};
		04F0F93B26B9432200AEE76D /* Test20210803Tests */ = {
			isa = PBXNativeTarget;
			buildConfigurationList = 04F0F95326B9432200AEE76D /* Build configuration list for PBXNativeTarget "Test20210803Tests" */;
			buildPhases = (
				04F0F93826B9432200AEE76D /* Sources */,
				04F0F93926B9432200AEE76D /* Frameworks */,
				04F0F93A26B9432200AEE76D /* Resources */,
			);
			buildRules = (
			);
			dependencies = (
				04F0F93E26B9432200AEE76D /* PBXTargetDependency */,
			);
			name = Test20210803Tests;
			productName = Test20210803Tests;
			productReference = 04F0F93C26B9432200AEE76D /* Test20210803Tests.xctest */;
			productType = "com.apple.product-type.bundle.unit-test";
		};
		04F0F94626B9432200AEE76D /* Test20210803UITests */ = {
			isa = PBXNativeTarget;
			buildConfigurationList = 04F0F95626B9432200AEE76D /* Build configuration list for PBXNativeTarget "Test20210803UITests" */;
			buildPhases = (
				04F0F94326B9432200AEE76D /* Sources */,
				04F0F94426B9432200AEE76D /* Frameworks */,
				04F0F94526B9432200AEE76D /* Resources */,
			);
			buildRules = (
			);
			dependencies = (
				04F0F94926B9432200AEE76D /* PBXTargetDependency */,
			);
			name = Test20210803UITests;
			productName = Test20210803UITests;
			productReference = 04F0F94726B9432200AEE76D /* Test20210803UITests.xctest */;
			productType = "com.apple.product-type.bundle.ui-testing";
		};
/* End PBXNativeTarget section */

/* Begin PBXProject section */
		04F0F91926B9431900AEE76D /* Project object */ = {
			isa = PBXProject;
			attributes = {
				LastUpgradeCheck = 1250;
				TargetAttributes = {
					04F0F92026B9431900AEE76D = {
						CreatedOnToolsVersion = 12.5.1;
					};
					04F0F93B26B9432200AEE76D = {
						CreatedOnToolsVersion = 12.5.1;
						TestTargetID = 04F0F92026B9431900AEE76D;
					};
					04F0F94626B9432200AEE76D = {
						CreatedOnToolsVersion = 12.5.1;
						TestTargetID = 04F0F92026B9431900AEE76D;
					};
				};
			};
			buildConfigurationList = 04F0F91C26B9431900AEE76D /* Build configuration list for PBXProject "Test20210803" */;
			compatibilityVersion = "Xcode 9.3";
			developmentRegion = en;
			hasScannedForEncodings = 0;
			knownRegions = (
				en,
				Base,
			);
			mainGroup = 04F0F91826B9431900AEE76D;
			productRefGroup = 04F0F92226B9431900AEE76D /* Products */;
			projectDirPath = "";
			projectRoot = "";
			targets = (
				04F0F92026B9431900AEE76D /* Test20210803 */,
				04F0F93B26B9432200AEE76D /* Test20210803Tests */,
				04F0F94626B9432200AEE76D /* Test20210803UITests */,
			);
		};
/* End PBXProject section */

/* Begin PBXResourcesBuildPhase section */
		04F0F91F26B9431900AEE76D /* Resources */ = {
			isa = PBXResourcesBuildPhase;
			buildActionMask = 2147483647;
			files = (
				04F0F93426B9432200AEE76D /* LaunchScreen.storyboard in Resources */,
				04F0F93126B9432200AEE76D /* Assets.xcassets in Resources */,
				04F0F92F26B9431900AEE76D /* Main.storyboard in Resources */,
			);
			runOnlyForDeploymentPostprocessing = 0;
		};
		04F0F93A26B9432200AEE76D /* Resources */ = {
			isa = PBXResourcesBuildPhase;
			buildActionMask = 2147483647;
			files = (
			);
			runOnlyForDeploymentPostprocessing = 0;
		};
		04F0F94526B9432200AEE76D /* Resources */ = {
			isa = PBXResourcesBuildPhase;
			buildActionMask = 2147483647;
			files = (
			);
			runOnlyForDeploymentPostprocessing = 0;
		};
/* End PBXResourcesBuildPhase section */

/* Begin PBXShellScriptBuildPhase section */
		1617256EAEB89BA5158E87DC /* [CP] Check Pods Manifest.lock */ = {
			isa = PBXShellScriptBuildPhase;
			buildActionMask = 2147483647;
			files = (
			);
			inputFileListPaths = (
			);
			inputPaths = (
				"${PODS_PODFILE_DIR_PATH}/Podfile.lock",
				"${PODS_ROOT}/Manifest.lock",
			);
			name = "[CP] Check Pods Manifest.lock";
			outputFileListPaths = (
			);
			outputPaths = (
				"$(DERIVED_FILE_DIR)/Pods-Test20210803-checkManifestLockResult.txt",
			);
			runOnlyForDeploymentPostprocessing = 0;
			shellPath = /bin/sh;
			shellScript = "diff \"${PODS_PODFILE_DIR_PATH}/Podfile.lock\" \"${PODS_ROOT}/Manifest.lock\" > /dev/null\nif [ $? != 0 ] ; then\n    # print error to STDERR\n    echo \"error: The sandbox is not in sync with the Podfile.lock. Run 'pod install' or update your CocoaPods installation.\" >&2\n    exit 1\nfi\n# This output is used by Xcode 'outputs' to avoid re-running this script phase.\necho \"SUCCESS\" > \"${SCRIPT_OUTPUT_FILE_0}\"\n";
			showEnvVarsInLog = 0;
		};
		B08ED88CB9BC910CA0883400 /* [CP] Copy Pods Resources */ = {
			isa = PBXShellScriptBuildPhase;
			buildActionMask = 2147483647;
			files = (
			);
			inputFileListPaths = (
				"${PODS_ROOT}/Target Support Files/Pods-Test20210803/Pods-Test20210803-resources-${CONFIGURATION}-input-files.xcfilelist",
			);
			name = "[CP] Copy Pods Resources";
			outputFileListPaths = (
				"${PODS_ROOT}/Target Support Files/Pods-Test20210803/Pods-Test20210803-resources-${CONFIGURATION}-output-files.xcfilelist",
			);
			runOnlyForDeploymentPostprocessing = 0;
			shellPath = /bin/sh;
			shellScript = "\"${PODS_ROOT}/Target Support Files/Pods-Test20210803/Pods-Test20210803-resources.sh\"\n";
			showEnvVarsInLog = 0;
		};
/* End PBXShellScriptBuildPhase section */

/* Begin PBXSourcesBuildPhase section */
		04F0F91D26B9431900AEE76D /* Sources */ = {
			isa = PBXSourcesBuildPhase;
			buildActionMask = 2147483647;
			files = (
				04B7E6B926BC30A000353E08 /* UIButton+XHQEdgeInsets.m in Sources */,
				04B7E6BC26BC30A000353E08 /* UIColor+Ext.m in Sources */,
				04B7E6BA26BC30A000353E08 /* UIButton+imagePosit.m in Sources */,
				04F0F92C26B9431900AEE76D /* ViewController.m in Sources */,
				04B7E6C326BC30A000353E08 /* UIViewController+Ext.m in Sources */,
				04B7E6C026BC30A000353E08 /* UIFont+Ext.m in Sources */,
				04B7E6C726BC30A000353E08 /* NSString+XHQRegular.m in Sources */,
				04B7E6B426BC30A000353E08 /* UITextField+JSTTextField.m in Sources */,
				04B7E6B526BC30A000353E08 /* UIScrollView+Ext.m in Sources */,
				04B7E6C826BC30A000353E08 /* NSString+Ext.m in Sources */,
				04B7E6B326BC30A000353E08 /* UIView+RoundedCorners.m in Sources */,
				04B7E6CF26BC30A000353E08 /* UIView+ViewExtension.m in Sources */,
				04B7E6B826BC30A000353E08 /* UIButton+TouchAreaInsets.m in Sources */,
				04B7E6B626BC30A000353E08 /* UILabel+XHQAttributed.m in Sources */,
				04B7E6B126BC30A000353E08 /* UIColor+JSColor.m in Sources */,
				04B7E6B726BC30A000353E08 /* UILabel+Ext.m in Sources */,
				04B7E6C126BC30A000353E08 /* UICollectionView+Ext.m in Sources */,
				04B7E6CD26BC30A000353E08 /* NSData+HSData.m in Sources */,
				04B7E6CE26BC30A000353E08 /* UIDevice+ReboDevice.m in Sources */,
				04B7E6BB26BC30A000353E08 /* UIButton+Ext.m in Sources */,
				04B7E6CA26BC30A000353E08 /* NSObject+Ext.m in Sources */,
				04B7E6BE26BC30A000353E08 /* UIView+XHQGestureRecognizer.m in Sources */,
				04B7E6C526BC30A000353E08 /* UIControl+repeatClick.m in Sources */,
				04B7E6CB26BC30A000353E08 /* NSNotification+Ext.m in Sources */,
				04B7E6B026BC30A000353E08 /* NSString+JSString.m in Sources */,
				04B7E6C426BC30A000353E08 /* UITableView+Ext.m in Sources */,
				04B7E6C626BC30A000353E08 /* UITextField+Ext.m in Sources */,
				04B7E6C226BC30A000353E08 /* UIViewController+XHQ_ActionSheet.m in Sources */,
				04B7E6C926BC30A000353E08 /* NSArray+XHQSafe.m in Sources */,
				04B7E6BD26BC30A000353E08 /* UIView+Ext.m in Sources */,
				04B7E6BF26BC30A000353E08 /* UIView+drawDashLine.m in Sources */,
				04B7E6CC26BC30A000353E08 /* NSDate+Extend.m in Sources */,
				04F0F92626B9431900AEE76D /* AppDelegate.m in Sources */,
				04B7E6B226BC30A000353E08 /* UIFont+JSFont.m in Sources */,
				04F0F93726B9432200AEE76D /* main.m in Sources */,
			);
			runOnlyForDeploymentPostprocessing = 0;
		};
		04F0F93826B9432200AEE76D /* Sources */ = {
			isa = PBXSourcesBuildPhase;
			buildActionMask = 2147483647;
			files = (
				04F0F94126B9432200AEE76D /* Test20210803Tests.m in Sources */,
			);
			runOnlyForDeploymentPostprocessing = 0;
		};
		04F0F94326B9432200AEE76D /* Sources */ = {
			isa = PBXSourcesBuildPhase;
			buildActionMask = 2147483647;
			files = (
				04F0F94C26B9432200AEE76D /* Test20210803UITests.m in Sources */,
			);
			runOnlyForDeploymentPostprocessing = 0;
		};
/* End PBXSourcesBuildPhase section */

/* Begin PBXTargetDependency section */
		04F0F93E26B9432200AEE76D /* PBXTargetDependency */ = {
			isa = PBXTargetDependency;
			target = 04F0F92026B9431900AEE76D /* Test20210803 */;
			targetProxy = 04F0F93D26B9432200AEE76D /* PBXContainerItemProxy */;
		};
		04F0F94926B9432200AEE76D /* PBXTargetDependency */ = {
			isa = PBXTargetDependency;
			target = 04F0F92026B9431900AEE76D /* Test20210803 */;
			targetProxy = 04F0F94826B9432200AEE76D /* PBXContainerItemProxy */;
		};
/* End PBXTargetDependency section */

/* Begin PBXVariantGroup section */
		04F0F92D26B9431900AEE76D /* Main.storyboard */ = {
			isa = PBXVariantGroup;
			children = (
				04F0F92E26B9431900AEE76D /* Base */,
			);
			name = Main.storyboard;
			sourceTree = "<group>";
		};
		04F0F93226B9432200AEE76D /* LaunchScreen.storyboard */ = {
			isa = PBXVariantGroup;
			children = (
				04F0F93326B9432200AEE76D /* Base */,
			);
			name = LaunchScreen.storyboard;
			sourceTree = "<group>";
		};
/* End PBXVariantGroup section */

/* Begin XCBuildConfiguration section */
		04F0F94E26B9432200AEE76D /* Debug */ = {
			isa = XCBuildConfiguration;
			buildSettings = {
				ALWAYS_SEARCH_USER_PATHS = NO;
				CLANG_ANALYZER_NONNULL = YES;
				CLANG_ANALYZER_NUMBER_OBJECT_CONVERSION = YES_AGGRESSIVE;
				CLANG_CXX_LANGUAGE_STANDARD = "gnu++14";
				CLANG_CXX_LIBRARY = "libc++";
				CLANG_ENABLE_MODULES = YES;
				CLANG_ENABLE_OBJC_ARC = YES;
				CLANG_ENABLE_OBJC_WEAK = YES;
				CLANG_WARN_BLOCK_CAPTURE_AUTORELEASING = YES;
				CLANG_WARN_BOOL_CONVERSION = YES;
				CLANG_WARN_COMMA = YES;
				CLANG_WARN_CONSTANT_CONVERSION = YES;
				CLANG_WARN_DEPRECATED_OBJC_IMPLEMENTATIONS = YES;
				CLANG_WARN_DIRECT_OBJC_ISA_USAGE = YES_ERROR;
				CLANG_WARN_DOCUMENTATION_COMMENTS = YES;
				CLANG_WARN_EMPTY_BODY = YES;
				CLANG_WARN_ENUM_CONVERSION = YES;
				CLANG_WARN_INFINITE_RECURSION = YES;
				CLANG_WARN_INT_CONVERSION = YES;
				CLANG_WARN_NON_LITERAL_NULL_CONVERSION = YES;
				CLANG_WARN_OBJC_IMPLICIT_RETAIN_SELF = YES;
				CLANG_WARN_OBJC_LITERAL_CONVERSION = YES;
				CLANG_WARN_OBJC_ROOT_CLASS = YES_ERROR;
				CLANG_WARN_QUOTED_INCLUDE_IN_FRAMEWORK_HEADER = YES;
				CLANG_WARN_RANGE_LOOP_ANALYSIS = YES;
				CLANG_WARN_STRICT_PROTOTYPES = YES;
				CLANG_WARN_SUSPICIOUS_MOVE = YES;
				CLANG_WARN_UNGUARDED_AVAILABILITY = YES_AGGRESSIVE;
				CLANG_WARN_UNREACHABLE_CODE = YES;
				CLANG_WARN__DUPLICATE_METHOD_MATCH = YES;
				COPY_PHASE_STRIP = NO;
				DEBUG_INFORMATION_FORMAT = dwarf;
				ENABLE_STRICT_OBJC_MSGSEND = YES;
				ENABLE_TESTABILITY = YES;
				GCC_C_LANGUAGE_STANDARD = gnu11;
				GCC_DYNAMIC_NO_PIC = NO;
				GCC_NO_COMMON_BLOCKS = YES;
				GCC_OPTIMIZATION_LEVEL = 0;
				GCC_PREPROCESSOR_DEFINITIONS = (
					"DEBUG=1",
					"$(inherited)",
				);
				GCC_WARN_64_TO_32_BIT_CONVERSION = YES;
				GCC_WARN_ABOUT_RETURN_TYPE = YES_ERROR;
				GCC_WARN_UNDECLARED_SELECTOR = YES;
				GCC_WARN_UNINITIALIZED_AUTOS = YES_AGGRESSIVE;
				GCC_WARN_UNUSED_FUNCTION = YES;
				GCC_WARN_UNUSED_VARIABLE = YES;
				IPHONEOS_DEPLOYMENT_TARGET = 9.0;
				MTL_ENABLE_DEBUG_INFO = INCLUDE_SOURCE;
				MTL_FAST_MATH = YES;
				ONLY_ACTIVE_ARCH = YES;
				SDKROOT = iphoneos;
			};
			name = Debug;
		};
		04F0F94F26B9432200AEE76D /* Release */ = {
			isa = XCBuildConfiguration;
			buildSettings = {
				ALWAYS_SEARCH_USER_PATHS = NO;
				CLANG_ANALYZER_NONNULL = YES;
				CLANG_ANALYZER_NUMBER_OBJECT_CONVERSION = YES_AGGRESSIVE;
				CLANG_CXX_LANGUAGE_STANDARD = "gnu++14";
				CLANG_CXX_LIBRARY = "libc++";
				CLANG_ENABLE_MODULES = YES;
				CLANG_ENABLE_OBJC_ARC = YES;
				CLANG_ENABLE_OBJC_WEAK = YES;
				CLANG_WARN_BLOCK_CAPTURE_AUTORELEASING = YES;
				CLANG_WARN_BOOL_CONVERSION = YES;
				CLANG_WARN_COMMA = YES;
				CLANG_WARN_CONSTANT_CONVERSION = YES;
				CLANG_WARN_DEPRECATED_OBJC_IMPLEMENTATIONS = YES;
				CLANG_WARN_DIRECT_OBJC_ISA_USAGE = YES_ERROR;
				CLANG_WARN_DOCUMENTATION_COMMENTS = YES;
				CLANG_WARN_EMPTY_BODY = YES;
				CLANG_WARN_ENUM_CONVERSION = YES;
				CLANG_WARN_INFINITE_RECURSION = YES;
				CLANG_WARN_INT_CONVERSION = YES;
				CLANG_WARN_NON_LITERAL_NULL_CONVERSION = YES;
				CLANG_WARN_OBJC_IMPLICIT_RETAIN_SELF = YES;
				CLANG_WARN_OBJC_LITERAL_CONVERSION = YES;
				CLANG_WARN_OBJC_ROOT_CLASS = YES_ERROR;
				CLANG_WARN_QUOTED_INCLUDE_IN_FRAMEWORK_HEADER = YES;
				CLANG_WARN_RANGE_LOOP_ANALYSIS = YES;
				CLANG_WARN_STRICT_PROTOTYPES = YES;
				CLANG_WARN_SUSPICIOUS_MOVE = YES;
				CLANG_WARN_UNGUARDED_AVAILABILITY = YES_AGGRESSIVE;
				CLANG_WARN_UNREACHABLE_CODE = YES;
				CLANG_WARN__DUPLICATE_METHOD_MATCH = YES;
				COPY_PHASE_STRIP = NO;
				DEBUG_INFORMATION_FORMAT = "dwarf-with-dsym";
				ENABLE_NS_ASSERTIONS = NO;
				ENABLE_STRICT_OBJC_MSGSEND = YES;
				GCC_C_LANGUAGE_STANDARD = gnu11;
				GCC_NO_COMMON_BLOCKS = YES;
				GCC_WARN_64_TO_32_BIT_CONVERSION = YES;
				GCC_WARN_ABOUT_RETURN_TYPE = YES_ERROR;
				GCC_WARN_UNDECLARED_SELECTOR = YES;
				GCC_WARN_UNINITIALIZED_AUTOS = YES_AGGRESSIVE;
				GCC_WARN_UNUSED_FUNCTION = YES;
				GCC_WARN_UNUSED_VARIABLE = YES;
				IPHONEOS_DEPLOYMENT_TARGET = 9.0;
				MTL_ENABLE_DEBUG_INFO = NO;
				MTL_FAST_MATH = YES;
				SDKROOT = iphoneos;
				VALIDATE_PRODUCT = YES;
			};
			name = Release;
		};
		04F0F95126B9432200AEE76D /* Debug */ = {
			isa = XCBuildConfiguration;
			baseConfigurationReference = FE26E89CAAE28CFC455EBEA5 /* Pods-Test20210803.debug.xcconfig */;
			buildSettings = {
				ASSETCATALOG_COMPILER_APPICON_NAME = AppIcon;
				ASSETCATALOG_COMPILER_GLOBAL_ACCENT_COLOR_NAME = AccentColor;
				CODE_SIGN_STYLE = Automatic;
				DEVELOPMENT_TEAM = 6LHA33L5X8;
				GCC_PRECOMPILE_PREFIX_HEADER = YES;
				GCC_PREFIX_HEADER = $SRCROOT/Test20210803/PrefixHeader.pch;
				INFOPLIST_FILE = Test20210803/Info.plist;
				LD_RUNPATH_SEARCH_PATHS = (
					"$(inherited)",
					"@executable_path/Frameworks",
				);
				PRODUCT_BUNDLE_IDENTIFIER = com.TestZHCompany.Test20210803;
				PRODUCT_NAME = "$(TARGET_NAME)";
				TARGETED_DEVICE_FAMILY = "1,2";
			};
			name = Debug;
		};
		04F0F95226B9432200AEE76D /* Release */ = {
			isa = XCBuildConfiguration;
			baseConfigurationReference = 11F346D81C2C6AF509E4EC7F /* Pods-Test20210803.release.xcconfig */;
			buildSettings = {
				ASSETCATALOG_COMPILER_APPICON_NAME = AppIcon;
				ASSETCATALOG_COMPILER_GLOBAL_ACCENT_COLOR_NAME = AccentColor;
				CODE_SIGN_STYLE = Automatic;
				DEVELOPMENT_TEAM = 6LHA33L5X8;
				GCC_PRECOMPILE_PREFIX_HEADER = YES;
				GCC_PREFIX_HEADER = $SRCROOT/Test20210803/PrefixHeader.pch;
				INFOPLIST_FILE = Test20210803/Info.plist;
				LD_RUNPATH_SEARCH_PATHS = (
					"$(inherited)",
					"@executable_path/Frameworks",
				);
				PRODUCT_BUNDLE_IDENTIFIER = com.TestZHCompany.Test20210803;
				PRODUCT_NAME = "$(TARGET_NAME)";
				TARGETED_DEVICE_FAMILY = "1,2";
			};
			name = Release;
		};
		04F0F95426B9432200AEE76D /* Debug */ = {
			isa = XCBuildConfiguration;
			buildSettings = {
				BUNDLE_LOADER = "$(TEST_HOST)";
				CODE_SIGN_STYLE = Automatic;
				DEVELOPMENT_TEAM = 6LHA33L5X8;
				INFOPLIST_FILE = Test20210803Tests/Info.plist;
				IPHONEOS_DEPLOYMENT_TARGET = 14.5;
				LD_RUNPATH_SEARCH_PATHS = (
					"$(inherited)",
					"@executable_path/Frameworks",
					"@loader_path/Frameworks",
				);
				PRODUCT_BUNDLE_IDENTIFIER = com.TestZHCompany.Test20210803Tests;
				PRODUCT_NAME = "$(TARGET_NAME)";
				TARGETED_DEVICE_FAMILY = "1,2";
				TEST_HOST = "$(BUILT_PRODUCTS_DIR)/Test20210803.app/Test20210803";
			};
			name = Debug;
		};
		04F0F95526B9432200AEE76D /* Release */ = {
			isa = XCBuildConfiguration;
			buildSettings = {
				BUNDLE_LOADER = "$(TEST_HOST)";
				CODE_SIGN_STYLE = Automatic;
				DEVELOPMENT_TEAM = 6LHA33L5X8;
				INFOPLIST_FILE = Test20210803Tests/Info.plist;
				IPHONEOS_DEPLOYMENT_TARGET = 14.5;
				LD_RUNPATH_SEARCH_PATHS = (
					"$(inherited)",
					"@executable_path/Frameworks",
					"@loader_path/Frameworks",
				);
				PRODUCT_BUNDLE_IDENTIFIER = com.TestZHCompany.Test20210803Tests;
				PRODUCT_NAME = "$(TARGET_NAME)";
				TARGETED_DEVICE_FAMILY = "1,2";
				TEST_HOST = "$(BUILT_PRODUCTS_DIR)/Test20210803.app/Test20210803";
			};
			name = Release;
		};
		04F0F95726B9432200AEE76D /* Debug */ = {
			isa = XCBuildConfiguration;
			buildSettings = {
				CODE_SIGN_STYLE = Automatic;
				DEVELOPMENT_TEAM = 6LHA33L5X8;
				INFOPLIST_FILE = Test20210803UITests/Info.plist;
				LD_RUNPATH_SEARCH_PATHS = (
					"$(inherited)",
					"@executable_path/Frameworks",
					"@loader_path/Frameworks",
				);
				PRODUCT_BUNDLE_IDENTIFIER = com.TestZHCompany.Test20210803UITests;
				PRODUCT_NAME = "$(TARGET_NAME)";
				TARGETED_DEVICE_FAMILY = "1,2";
				TEST_TARGET_NAME = Test20210803;
			};
			name = Debug;
		};
		04F0F95826B9432200AEE76D /* Release */ = {
			isa = XCBuildConfiguration;
			buildSettings = {
				CODE_SIGN_STYLE = Automatic;
				DEVELOPMENT_TEAM = 6LHA33L5X8;
				INFOPLIST_FILE = Test20210803UITests/Info.plist;
				LD_RUNPATH_SEARCH_PATHS = (
					"$(inherited)",
					"@executable_path/Frameworks",
					"@loader_path/Frameworks",
				);
				PRODUCT_BUNDLE_IDENTIFIER = com.TestZHCompany.Test20210803UITests;
				PRODUCT_NAME = "$(TARGET_NAME)";
				TARGETED_DEVICE_FAMILY = "1,2";
				TEST_TARGET_NAME = Test20210803;
			};
			name = Release;
		};
/* End XCBuildConfiguration section */

/* Begin XCConfigurationList section */
		04F0F91C26B9431900AEE76D /* Build configuration list for PBXProject "Test20210803" */ = {
			isa = XCConfigurationList;
			buildConfigurations = (
				04F0F94E26B9432200AEE76D /* Debug */,
				04F0F94F26B9432200AEE76D /* Release */,
			);
			defaultConfigurationIsVisible = 0;
			defaultConfigurationName = Release;
		};
		04F0F95026B9432200AEE76D /* Build configuration list for PBXNativeTarget "Test20210803" */ = {
			isa = XCConfigurationList;
			buildConfigurations = (
				04F0F95126B9432200AEE76D /* Debug */,
				04F0F95226B9432200AEE76D /* Release */,
			);
			defaultConfigurationIsVisible = 0;
			defaultConfigurationName = Release;
		};
		04F0F95326B9432200AEE76D /* Build configuration list for PBXNativeTarget "Test20210803Tests" */ = {
			isa = XCConfigurationList;
			buildConfigurations = (
				04F0F95426B9432200AEE76D /* Debug */,
				04F0F95526B9432200AEE76D /* Release */,
			);
			defaultConfigurationIsVisible = 0;
			defaultConfigurationName = Release;
		};
		04F0F95626B9432200AEE76D /* Build configuration list for PBXNativeTarget "Test20210803UITests" */ = {
			isa = XCConfigurationList;
			buildConfigurations = (
				04F0F95726B9432200AEE76D /* Debug */,
				04F0F95826B9432200AEE76D /* Release */,
			);
			defaultConfigurationIsVisible = 0;
			defaultConfigurationName = Release;
		};
/* End XCConfigurationList section */
	};
	rootObject = 04F0F91926B9431900AEE76D /* Project object */;
}
